
Microsoft Visual Studio Solution File, Format Version 12.00
# Visual Studio for Mac
Project("{FAE04EC0-301F-11D3-BF4B-00C04F79EFBC}") = "Assembly-CSharp", "Assembly-CSharp.csproj", "{80581939-7E73-8F9B-F4D5-C14F0042EF90}"
EndProject
Project("{FAE04EC0-301F-11D3-BF4B-00C04F79EFBC}") = "Oculus.VR", "Oculus.VR.csproj", "{07E3297D-1CE7-BC5A-37CB-20CD365AB8A4}"
EndProject
Project("{FAE04EC0-301F-11D3-BF4B-00C04F79EFBC}") = "Assembly-CSharp-Editor", "Assembly-CSharp-Editor.csproj", "{D059B886-6BC4-35BC-9211-A0FA39EF2C63}"
EndProject
Project("{FAE04EC0-301F-11D3-BF4B-00C04F79EFBC}") = "Oculus.VR.Scripts.Editor", "Oculus.VR.Scripts.Editor.csproj", "{3F4CA0BE-3486-607A-A53F-6BF8253E4B1A}"
EndProject
Project("{FAE04EC0-301F-11D3-BF4B-00C04F79EFBC}") = "Oculus.VR.Editor", "Oculus.VR.Editor.csproj", "{BE883A99-D5D9-DD94-89AD-9B36238F8078}"
EndProject
Global
	GlobalSection(SolutionConfigurationPlatforms) = preSolution
		Debug|Any CPU = Debug|Any CPU
		Release|Any CPU = Release|Any CPU
	EndGlobalSection
	GlobalSection(ProjectConfigurationPlatforms) = postSolution
		{80581939-7E73-8F9B-F4D5-C14F0042EF90}.Debug|Any CPU.ActiveCfg = Debug|Any CPU
		{80581939-7E73-8F9B-F4D5-C14F0042EF90}.Debug|Any CPU.Build.0 = Debug|Any CPU
		{80581939-7E73-8F9B-F4D5-C14F0042EF90}.Release|Any CPU.ActiveCfg = Release|Any CPU
		{80581939-7E73-8F9B-F4D5-C14F0042EF90}.Release|Any CPU.Build.0 = Release|Any CPU
		{07E3297D-1CE7-BC5A-37CB-20CD365AB8A4}.Debug|Any CPU.ActiveCfg = Debug|Any CPU
		{07E3297D-1CE7-BC5A-37CB-20CD365AB8A4}.Debug|Any CPU.Build.0 = Debug|Any CPU
		{07E3297D-1CE7-BC5A-37CB-20CD365AB8A4}.Release|Any CPU.ActiveCfg = Release|Any CPU
		{07E3297D-1CE7-BC5A-37CB-20CD365AB8A4}.Release|Any CPU.Build.0 = Release|Any CPU
		{D059B886-6BC4-35BC-9211-A0FA39EF2C63}.Debug|Any CPU.ActiveCfg = Debug|Any CPU
		{D059B886-6BC4-35BC-9211-A0FA39EF2C63}.Debug|Any CPU.Build.0 = Debug|Any CPU
		{D059B886-6BC4-35BC-9211-A0FA39EF2C63}.Release|Any CPU.ActiveCfg = Release|Any CPU
		{D059B886-6BC4-35BC-9211-A0FA39EF2C63}.Release|Any CPU.Build.0 = Release|Any CPU
		{3F4CA0BE-3486-607A-A53F-6BF8253E4B1A}.Debug|Any CPU.ActiveCfg = Debug|Any CPU
		{3F4CA0BE-3486-607A-A53F-6BF8253E4B1A}.Debug|Any CPU.Build.0 = Debug|Any CPU
		{3F4CA0BE-3486-607A-A53F-6BF8253E4B1A}.Release|Any CPU.ActiveCfg = Release|Any CPU
		{3F4CA0BE-3486-607A-A53F-6BF8253E4B1A}.Release|Any CPU.Build.0 = Release|Any CPU
		{BE883A99-D5D9-DD94-89AD-9B36238F8078}.Debug|Any CPU.ActiveCfg = Debug|Any CPU
		{BE883A99-D5D9-DD94-89AD-9B36238F8078}.Debug|Any CPU.Build.0 = Debug|Any CPU
		{BE883A99-D5D9-DD94-89AD-9B36238F8078}.Release|Any CPU.ActiveCfg = Release|Any CPU
		{BE883A99-D5D9-DD94-89AD-9B36238F8078}.Release|Any CPU.Build.0 = Release|Any CPU
	EndGlobalSection
	GlobalSection(SolutionProperties) = preSolution
		HideSolutionNode = FALSE
	EndGlobalSection
EndGlobal
